
Microsoft Visual Studio Solution File, Format Version 12.00
# Visual Studio Version 17
VisualStudioVersion = 17.9.34728.123
MinimumVisualStudioVersion = 10.0.40219.1
Project("{9A19103F-16F7-4668-BE54-9A1E7A4F7556}") = "SimpleHardwareMonitor", "SimpleHardwareMonitor\SimpleHardwareMonitor.csproj", "{F67EB2CF-5DEB-4199-88BB-F839B3A1E2D1}"
EndProject
Project("{2150E333-8FDC-42A3-9474-1A3956D46DE8}") = "Third", "Third", "{ADFB2304-8B5E-41CA-9087-E49D2970A0B8}"
EndProject
Project("{9A19103F-16F7-4668-BE54-9A1E7A4F7556}") = "SimpleOverlayTheme", "SimpleOverlayThemeUI\SimpleOverlayTheme\SimpleOverlayTheme.csproj", "{BC918150-FF87-42A6-A62B-E77A36E80480}"
EndProject
Project("{9A19103F-16F7-4668-BE54-9A1E7A4F7556}") = "SimpleIniController", "SimpleOverlayThemeUI\SimpleIniController\SimpleIniController.csproj", "{A00346FF-41D3-4CDE-9A22-7F7E8F71E350}"
EndProject
Project("{9A19103F-16F7-4668-BE54-9A1E7A4F7556}") = "SimpleFileIO", "SimpleFileIO\SimpleFileIO.csproj", "{19A815D7-7FB4-421F-AFDB-F93CC7F95FA0}"
EndProject
Project("{FAE04EC0-301F-11D3-BF4B-00C04F79EFBC}") = "SimpleHardwareMonitorGUI", "..\TEMP HARDWARE\SimpleHardwareMonitorGUI\SimpleHardwareMonitorGUI.csproj", "{CEC4A7C2-7841-4087-BCCE-84063A9D8A8F}"
EndProject
Project("{FAE04EC0-301F-11D3-BF4B-00C04F79EFBC}") = "SimpleHardWareDataParser", "..\TEMP HARDWARE\SimpleHardWareDataParser\SimpleHardWareDataParser.csproj", "{491D85C8-FD7F-4234-AC21-ABD2B42F8F70}"
EndProject
Project("{FAE04EC0-301F-11D3-BF4B-00C04F79EFBC}") = "SimpleHardWareTester", "SimpleHardWareTester\SimpleHardWareTester.csproj", "{D94BC50D-6CE7-4B57-9DBE-88AEF935B4BA}"
EndProject
Project("{FAE04EC0-301F-11D3-BF4B-00C04F79EFBC}") = "LibreHardwareMonitor", "C:\Users\hosung\Downloads\LibreHardwareMonitor-master\LibreHardwareMonitor-master\LibreHardwareMonitor\LibreHardwareMonitor.csproj", "{ECC16A74-5EDB-406E-B536-7092D3A55361}"
EndProject
Global
	GlobalSection(SolutionConfigurationPlatforms) = preSolution
		Debug|Any CPU = Debug|Any CPU
		Release|Any CPU = Release|Any CPU
	EndGlobalSection
	GlobalSection(ProjectConfigurationPlatforms) = postSolution
		{F67EB2CF-5DEB-4199-88BB-F839B3A1E2D1}.Debug|Any CPU.ActiveCfg = Debug|Any CPU
		{F67EB2CF-5DEB-4199-88BB-F839B3A1E2D1}.Debug|Any CPU.Build.0 = Debug|Any CPU
		{F67EB2CF-5DEB-4199-88BB-F839B3A1E2D1}.Release|Any CPU.ActiveCfg = Release|Any CPU
		{F67EB2CF-5DEB-4199-88BB-F839B3A1E2D1}.Release|Any CPU.Build.0 = Release|Any CPU
		{BC918150-FF87-42A6-A62B-E77A36E80480}.Debug|Any CPU.ActiveCfg = Debug|Any CPU
		{BC918150-FF87-42A6-A62B-E77A36E80480}.Debug|Any CPU.Build.0 = Debug|Any CPU
		{BC918150-FF87-42A6-A62B-E77A36E80480}.Release|Any CPU.ActiveCfg = Release|Any CPU
		{BC918150-FF87-42A6-A62B-E77A36E80480}.Release|Any CPU.Build.0 = Release|Any CPU
		{A00346FF-41D3-4CDE-9A22-7F7E8F71E350}.Debug|Any CPU.ActiveCfg = Debug|Any CPU
		{A00346FF-41D3-4CDE-9A22-7F7E8F71E350}.Debug|Any CPU.Build.0 = Debug|Any CPU
		{A00346FF-41D3-4CDE-9A22-7F7E8F71E350}.Release|Any CPU.ActiveCfg = Release|Any CPU
		{A00346FF-41D3-4CDE-9A22-7F7E8F71E350}.Release|Any CPU.Build.0 = Release|Any CPU
		{19A815D7-7FB4-421F-AFDB-F93CC7F95FA0}.Debug|Any CPU.ActiveCfg = Debug|Any CPU
		{19A815D7-7FB4-421F-AFDB-F93CC7F95FA0}.Debug|Any CPU.Build.0 = Debug|Any CPU
		{19A815D7-7FB4-421F-AFDB-F93CC7F95FA0}.Release|Any CPU.ActiveCfg = Release|Any CPU
		{19A815D7-7FB4-421F-AFDB-F93CC7F95FA0}.Release|Any CPU.Build.0 = Release|Any CPU
		{CEC4A7C2-7841-4087-BCCE-84063A9D8A8F}.Debug|Any CPU.ActiveCfg = Debug|Any CPU
		{CEC4A7C2-7841-4087-BCCE-84063A9D8A8F}.Debug|Any CPU.Build.0 = Debug|Any CPU
		{CEC4A7C2-7841-4087-BCCE-84063A9D8A8F}.Release|Any CPU.ActiveCfg = Release|Any CPU
		{CEC4A7C2-7841-4087-BCCE-84063A9D8A8F}.Release|Any CPU.Build.0 = Release|Any CPU
		{491D85C8-FD7F-4234-AC21-ABD2B42F8F70}.Debug|Any CPU.ActiveCfg = Debug|Any CPU
		{491D85C8-FD7F-4234-AC21-ABD2B42F8F70}.Debug|Any CPU.Build.0 = Debug|Any CPU
		{491D85C8-FD7F-4234-AC21-ABD2B42F8F70}.Release|Any CPU.ActiveCfg = Release|Any CPU
		{491D85C8-FD7F-4234-AC21-ABD2B42F8F70}.Release|Any CPU.Build.0 = Release|Any CPU
		{D94BC50D-6CE7-4B57-9DBE-88AEF935B4BA}.Debug|Any CPU.ActiveCfg = Debug|Any CPU
		{D94BC50D-6CE7-4B57-9DBE-88AEF935B4BA}.Debug|Any CPU.Build.0 = Debug|Any CPU
		{D94BC50D-6CE7-4B57-9DBE-88AEF935B4BA}.Release|Any CPU.ActiveCfg = Release|Any CPU
		{D94BC50D-6CE7-4B57-9DBE-88AEF935B4BA}.Release|Any CPU.Build.0 = Release|Any CPU
		{ECC16A74-5EDB-406E-B536-7092D3A55361}.Debug|Any CPU.ActiveCfg = Debug|Any CPU
		{ECC16A74-5EDB-406E-B536-7092D3A55361}.Debug|Any CPU.Build.0 = Debug|Any CPU
		{ECC16A74-5EDB-406E-B536-7092D3A55361}.Release|Any CPU.ActiveCfg = Release|Any CPU
		{ECC16A74-5EDB-406E-B536-7092D3A55361}.Release|Any CPU.Build.0 = Release|Any CPU
	EndGlobalSection
	GlobalSection(SolutionProperties) = preSolution
		HideSolutionNode = FALSE
	EndGlobalSection
	GlobalSection(NestedProjects) = preSolution
		{BC918150-FF87-42A6-A62B-E77A36E80480} = {ADFB2304-8B5E-41CA-9087-E49D2970A0B8}
		{A00346FF-41D3-4CDE-9A22-7F7E8F71E350} = {ADFB2304-8B5E-41CA-9087-E49D2970A0B8}
		{19A815D7-7FB4-421F-AFDB-F93CC7F95FA0} = {ADFB2304-8B5E-41CA-9087-E49D2970A0B8}
	EndGlobalSection
	GlobalSection(ExtensibilityGlobals) = postSolution
		SolutionGuid = {FB0DECFF-F753-4074-887A-33ECF15C1B69}
	EndGlobalSection
EndGlobal
