
Microsoft Visual Studio Solution File, Format Version 12.00
# Visual Studio Version 17
VisualStudioVersion = 17.9.34728.123
MinimumVisualStudioVersion = 10.0.40219.1
Project("{9A19103F-16F7-4668-BE54-9A1E7A4F7556}") = "SimpleHardwareMonitorGUI", "SimpleHardeareMonitorGUI\SimpleHardwareMonitorGUI.csproj", "{1294D977-1E81-4F8F-9200-B6B2390E3E69}"
EndProject
Project("{9A19103F-16F7-4668-BE54-9A1E7A4F7556}") = "SimpleHardwareMonitor", "SimpleHardwareMonitor\SimpleHardwareMonitor.csproj", "{F67EB2CF-5DEB-4199-88BB-F839B3A1E2D1}"
EndProject
Project("{9A19103F-16F7-4668-BE54-9A1E7A4F7556}") = "SimpleFileIO", "SimpleLogger\SimpleFileIO.csproj", "{972A468C-4D26-4C34-9E5E-1A5FE08D0A49}"
EndProject
Project("{2150E333-8FDC-42A3-9474-1A3956D46DE8}") = "Third", "Third", "{ADFB2304-8B5E-41CA-9087-E49D2970A0B8}"
EndProject
Project("{9A19103F-16F7-4668-BE54-9A1E7A4F7556}") = "SimpleOverlayTheme", "SimpleOverlayThemeUI\SimpleOverlayTheme\SimpleOverlayTheme.csproj", "{BC918150-FF87-42A6-A62B-E77A36E80480}"
EndProject
Project("{9A19103F-16F7-4668-BE54-9A1E7A4F7556}") = "SimpleIniController", "SimpleOverlayThemeUI\SimpleIniController\SimpleIniController.csproj", "{A00346FF-41D3-4CDE-9A22-7F7E8F71E350}"
EndProject
Project("{9A19103F-16F7-4668-BE54-9A1E7A4F7556}") = "SimpleHardWareDataParser", "SimpleHardWareDataParser\SimpleHardWareDataParser.csproj", "{7CB4765E-4BF0-46A8-89A8-9BF2EF11C704}"
EndProject
Project("{FAE04EC0-301F-11D3-BF4B-00C04F79EFBC}") = "TEST CONSOLE", "TEST CONSOLE\TEST CONSOLE.csproj", "{3A84C4D9-CDE4-46AD-9CDC-CFFED5872F01}"
EndProject
Global
	GlobalSection(SolutionConfigurationPlatforms) = preSolution
		Debug|Any CPU = Debug|Any CPU
		Release|Any CPU = Release|Any CPU
	EndGlobalSection
	GlobalSection(ProjectConfigurationPlatforms) = postSolution
		{1294D977-1E81-4F8F-9200-B6B2390E3E69}.Debug|Any CPU.ActiveCfg = Debug|Any CPU
		{1294D977-1E81-4F8F-9200-B6B2390E3E69}.Debug|Any CPU.Build.0 = Debug|Any CPU
		{1294D977-1E81-4F8F-9200-B6B2390E3E69}.Release|Any CPU.ActiveCfg = Release|Any CPU
		{1294D977-1E81-4F8F-9200-B6B2390E3E69}.Release|Any CPU.Build.0 = Release|Any CPU
		{F67EB2CF-5DEB-4199-88BB-F839B3A1E2D1}.Debug|Any CPU.ActiveCfg = Debug|Any CPU
		{F67EB2CF-5DEB-4199-88BB-F839B3A1E2D1}.Debug|Any CPU.Build.0 = Debug|Any CPU
		{F67EB2CF-5DEB-4199-88BB-F839B3A1E2D1}.Release|Any CPU.ActiveCfg = Release|Any CPU
		{F67EB2CF-5DEB-4199-88BB-F839B3A1E2D1}.Release|Any CPU.Build.0 = Release|Any CPU
		{972A468C-4D26-4C34-9E5E-1A5FE08D0A49}.Debug|Any CPU.ActiveCfg = Debug|Any CPU
		{972A468C-4D26-4C34-9E5E-1A5FE08D0A49}.Debug|Any CPU.Build.0 = Debug|Any CPU
		{972A468C-4D26-4C34-9E5E-1A5FE08D0A49}.Release|Any CPU.ActiveCfg = Release|Any CPU
		{972A468C-4D26-4C34-9E5E-1A5FE08D0A49}.Release|Any CPU.Build.0 = Release|Any CPU
		{BC918150-FF87-42A6-A62B-E77A36E80480}.Debug|Any CPU.ActiveCfg = Debug|Any CPU
		{BC918150-FF87-42A6-A62B-E77A36E80480}.Debug|Any CPU.Build.0 = Debug|Any CPU
		{BC918150-FF87-42A6-A62B-E77A36E80480}.Release|Any CPU.ActiveCfg = Release|Any CPU
		{BC918150-FF87-42A6-A62B-E77A36E80480}.Release|Any CPU.Build.0 = Release|Any CPU
		{A00346FF-41D3-4CDE-9A22-7F7E8F71E350}.Debug|Any CPU.ActiveCfg = Debug|Any CPU
		{A00346FF-41D3-4CDE-9A22-7F7E8F71E350}.Debug|Any CPU.Build.0 = Debug|Any CPU
		{A00346FF-41D3-4CDE-9A22-7F7E8F71E350}.Release|Any CPU.ActiveCfg = Release|Any CPU
		{A00346FF-41D3-4CDE-9A22-7F7E8F71E350}.Release|Any CPU.Build.0 = Release|Any CPU
		{7CB4765E-4BF0-46A8-89A8-9BF2EF11C704}.Debug|Any CPU.ActiveCfg = Debug|Any CPU
		{7CB4765E-4BF0-46A8-89A8-9BF2EF11C704}.Debug|Any CPU.Build.0 = Debug|Any CPU
		{7CB4765E-4BF0-46A8-89A8-9BF2EF11C704}.Release|Any CPU.ActiveCfg = Release|Any CPU
		{7CB4765E-4BF0-46A8-89A8-9BF2EF11C704}.Release|Any CPU.Build.0 = Release|Any CPU
		{3A84C4D9-CDE4-46AD-9CDC-CFFED5872F01}.Debug|Any CPU.ActiveCfg = Debug|Any CPU
		{3A84C4D9-CDE4-46AD-9CDC-CFFED5872F01}.Debug|Any CPU.Build.0 = Debug|Any CPU
		{3A84C4D9-CDE4-46AD-9CDC-CFFED5872F01}.Release|Any CPU.ActiveCfg = Release|Any CPU
		{3A84C4D9-CDE4-46AD-9CDC-CFFED5872F01}.Release|Any CPU.Build.0 = Release|Any CPU
	EndGlobalSection
	GlobalSection(SolutionProperties) = preSolution
		HideSolutionNode = FALSE
	EndGlobalSection
	GlobalSection(NestedProjects) = preSolution
		{972A468C-4D26-4C34-9E5E-1A5FE08D0A49} = {ADFB2304-8B5E-41CA-9087-E49D2970A0B8}
		{BC918150-FF87-42A6-A62B-E77A36E80480} = {ADFB2304-8B5E-41CA-9087-E49D2970A0B8}
		{A00346FF-41D3-4CDE-9A22-7F7E8F71E350} = {ADFB2304-8B5E-41CA-9087-E49D2970A0B8}
	EndGlobalSection
	GlobalSection(ExtensibilityGlobals) = postSolution
		SolutionGuid = {FB0DECFF-F753-4074-887A-33ECF15C1B69}
	EndGlobalSection
EndGlobal
